Microsoft Visual Studio Solution File, Format Version 11.00
# Visual Studio 2008

Project("{0AF94005-6AB1-2F4B-3061-9559CED25ABA}") = "Object_Pool", "Assembly-CSharp.csproj", "{7D1C99E4-FDF6-3A72-E6F8-2F5BC641B3EE}"
EndProject
Global
	GlobalSection(SolutionConfigurationPlatforms) = preSolution
		Debug|Any CPU = Debug|Any CPU
		Release|Any CPU = Release|Any CPU
	EndGlobalSection
	GlobalSection(ProjectConfigurationPlatforms) = postSolution
		{7D1C99E4-FDF6-3A72-E6F8-2F5BC641B3EE}.Debug|Any CPU.ActiveCfg = Debug|Any CPU
		{7D1C99E4-FDF6-3A72-E6F8-2F5BC641B3EE}.Debug|Any CPU.Build.0 = Debug|Any CPU
		{7D1C99E4-FDF6-3A72-E6F8-2F5BC641B3EE}.Release|Any CPU.ActiveCfg = Release|Any CPU
		{7D1C99E4-FDF6-3A72-E6F8-2F5BC641B3EE}.Release|Any CPU.Build.0 = Release|Any CPU
	EndGlobalSection
	GlobalSection(SolutionProperties) = preSolution
		HideSolutionNode = FALSE
	EndGlobalSection
	GlobalSection(MonoDevelopProperties) = preSolution
		StartupItem = Assembly-CSharp.csproj
	EndGlobalSection
EndGlobal
