Microsoft Visual Studio Solution File, Format Version 11.00
# Visual Studio 2008

Project("{19D0867C-F41F-78B3-35FD-3C11EDAC7EFF}") = "動態訊息顯示", "Assembly-CSharp.csproj", "{7B26E960-56CD-BD1C-0B02-11E88171BDA3}"
EndProject
Global
	GlobalSection(SolutionConfigurationPlatforms) = preSolution
		Debug|Any CPU = Debug|Any CPU
		Release|Any CPU = Release|Any CPU
	EndGlobalSection
	GlobalSection(ProjectConfigurationPlatforms) = postSolution
		{7B26E960-56CD-BD1C-0B02-11E88171BDA3}.Debug|Any CPU.ActiveCfg = Debug|Any CPU
		{7B26E960-56CD-BD1C-0B02-11E88171BDA3}.Debug|Any CPU.Build.0 = Debug|Any CPU
		{7B26E960-56CD-BD1C-0B02-11E88171BDA3}.Release|Any CPU.ActiveCfg = Release|Any CPU
		{7B26E960-56CD-BD1C-0B02-11E88171BDA3}.Release|Any CPU.Build.0 = Release|Any CPU
	EndGlobalSection
	GlobalSection(SolutionProperties) = preSolution
		HideSolutionNode = FALSE
	EndGlobalSection
	GlobalSection(MonoDevelopProperties) = preSolution
		StartupItem = Assembly-CSharp.csproj
	EndGlobalSection
EndGlobal
