Microsoft Visual Studio Solution File, Format Version 11.00
# Visual Studio 2008

Project("{83205102-26E1-BDBE-1B1E-2BEF443235F5}") = "SaveGame", "Assembly-CSharp.csproj", "{B7CC9294-6F5A-73A9-E113-CBF291D65359}"
EndProject
Global
	GlobalSection(SolutionConfigurationPlatforms) = preSolution
		Debug|Any CPU = Debug|Any CPU
		Release|Any CPU = Release|Any CPU
	EndGlobalSection
	GlobalSection(ProjectConfigurationPlatforms) = postSolution
		{B7CC9294-6F5A-73A9-E113-CBF291D65359}.Debug|Any CPU.ActiveCfg = Debug|Any CPU
		{B7CC9294-6F5A-73A9-E113-CBF291D65359}.Debug|Any CPU.Build.0 = Debug|Any CPU
		{B7CC9294-6F5A-73A9-E113-CBF291D65359}.Release|Any CPU.ActiveCfg = Release|Any CPU
		{B7CC9294-6F5A-73A9-E113-CBF291D65359}.Release|Any CPU.Build.0 = Release|Any CPU
	EndGlobalSection
	GlobalSection(SolutionProperties) = preSolution
		HideSolutionNode = FALSE
	EndGlobalSection
	GlobalSection(MonoDevelopProperties) = preSolution
		StartupItem = Assembly-CSharp.csproj
	EndGlobalSection
EndGlobal
