Microsoft Visual Studio Solution File, Format Version 11.00
# Visual Studio 2008

Project("{FB1AA867-BF7F-18A9-7F20-0C3B978F9A76}") = "DragWindows", "Assembly-CSharp.csproj", "{A7B5E853-280D-B034-9696-1B3774BD3D0F}"
EndProject
Global
	GlobalSection(SolutionConfigurationPlatforms) = preSolution
		Debug|Any CPU = Debug|Any CPU
		Release|Any CPU = Release|Any CPU
	EndGlobalSection
	GlobalSection(ProjectConfigurationPlatforms) = postSolution
		{A7B5E853-280D-B034-9696-1B3774BD3D0F}.Debug|Any CPU.ActiveCfg = Debug|Any CPU
		{A7B5E853-280D-B034-9696-1B3774BD3D0F}.Debug|Any CPU.Build.0 = Debug|Any CPU
		{A7B5E853-280D-B034-9696-1B3774BD3D0F}.Release|Any CPU.ActiveCfg = Release|Any CPU
		{A7B5E853-280D-B034-9696-1B3774BD3D0F}.Release|Any CPU.Build.0 = Release|Any CPU
	EndGlobalSection
	GlobalSection(SolutionProperties) = preSolution
		HideSolutionNode = FALSE
	EndGlobalSection
	GlobalSection(MonoDevelopProperties) = preSolution
		StartupItem = Assembly-CSharp.csproj
	EndGlobalSection
EndGlobal
