Microsoft Visual Studio Solution File, Format Version 11.00
# Visual Studio 2008

Project("{3C30E87A-7953-4DB7-B37D-21CD6906A55D}") = "Practice3d", "Assembly-CSharp.csproj", "{FE0610B9-3A7A-A2C0-962A-F126250FBAD1}"
EndProject
Project("{3C30E87A-7953-4DB7-B37D-21CD6906A55D}") = "Practice3d", "Assembly-CSharp-Editor.csproj", "{44F48BF0-F183-DE4E-9164-13B694576E3D}"
EndProject
Global
	GlobalSection(SolutionConfigurationPlatforms) = preSolution
		Debug|Any CPU = Debug|Any CPU
		Release|Any CPU = Release|Any CPU
	EndGlobalSection
	GlobalSection(ProjectConfigurationPlatforms) = postSolution
		{FE0610B9-3A7A-A2C0-962A-F126250FBAD1}.Debug|Any CPU.ActiveCfg = Debug|Any CPU
		{FE0610B9-3A7A-A2C0-962A-F126250FBAD1}.Debug|Any CPU.Build.0 = Debug|Any CPU
		{FE0610B9-3A7A-A2C0-962A-F126250FBAD1}.Release|Any CPU.ActiveCfg = Release|Any CPU
		{FE0610B9-3A7A-A2C0-962A-F126250FBAD1}.Release|Any CPU.Build.0 = Release|Any CPU
		{44F48BF0-F183-DE4E-9164-13B694576E3D}.Debug|Any CPU.ActiveCfg = Debug|Any CPU
		{44F48BF0-F183-DE4E-9164-13B694576E3D}.Debug|Any CPU.Build.0 = Debug|Any CPU
		{44F48BF0-F183-DE4E-9164-13B694576E3D}.Release|Any CPU.ActiveCfg = Release|Any CPU
		{44F48BF0-F183-DE4E-9164-13B694576E3D}.Release|Any CPU.Build.0 = Release|Any CPU
	EndGlobalSection
	GlobalSection(SolutionProperties) = preSolution
		HideSolutionNode = FALSE
	EndGlobalSection
	GlobalSection(MonoDevelopProperties) = preSolution
		StartupItem = Assembly-CSharp.csproj
	EndGlobalSection
EndGlobal
